
Microsoft Visual Studio Solution File, Format Version 12.00
# Visual Studio 14
VisualStudioVersion = 14.0.25420.1
MinimumVisualStudioVersion = 10.0.40219.1
Project("{FAE04EC0-301F-11D3-BF4B-00C04F79EFBC}") = "IS384B_PhanTuanAnh_2511_KiemTraGiuaKy", "IS384B_PhanTuanAnh_2511_KiemTraGiuaKy\IS384B_PhanTuanAnh_2511_KiemTraGiuaKy.csproj", "{533BDC51-C4F8-4BC3-BC93-6AE75C778EE4}"
EndProject
Global
	GlobalSection(SolutionConfigurationPlatforms) = preSolution
		Debug|Any CPU = Debug|Any CPU
		Release|Any CPU = Release|Any CPU
	EndGlobalSection
	GlobalSection(ProjectConfigurationPlatforms) = postSolution
		{533BDC51-C4F8-4BC3-BC93-6AE75C778EE4}.Debug|Any CPU.ActiveCfg = Debug|Any CPU
		{533BDC51-C4F8-4BC3-BC93-6AE75C778EE4}.Debug|Any CPU.Build.0 = Debug|Any CPU
		{533BDC51-C4F8-4BC3-BC93-6AE75C778EE4}.Release|Any CPU.ActiveCfg = Release|Any CPU
		{533BDC51-C4F8-4BC3-BC93-6AE75C778EE4}.Release|Any CPU.Build.0 = Release|Any CPU
	EndGlobalSection
	GlobalSection(SolutionProperties) = preSolution
		HideSolutionNode = FALSE
	EndGlobalSection
EndGlobal
