
Microsoft Visual Studio Solution File, Format Version 12.00
# Visual Studio 15
VisualStudioVersion = 15.0.28307.1062
MinimumVisualStudioVersion = 10.0.40219.1
Project("{FAE04EC0-301F-11D3-BF4B-00C04F79EFBC}") = "BuiDucTin", "WebApplication1\BuiDucTin.csproj", "{23CE524A-850C-41D0-B76E-DD8EAB9EA8D3}"
EndProject
Global
	GlobalSection(SolutionConfigurationPlatforms) = preSolution
		Debug|Any CPU = Debug|Any CPU
		Release|Any CPU = Release|Any CPU
	EndGlobalSection
	GlobalSection(ProjectConfigurationPlatforms) = postSolution
		{23CE524A-850C-41D0-B76E-DD8EAB9EA8D3}.Debug|Any CPU.ActiveCfg = Debug|Any CPU
		{23CE524A-850C-41D0-B76E-DD8EAB9EA8D3}.Debug|Any CPU.Build.0 = Debug|Any CPU
		{23CE524A-850C-41D0-B76E-DD8EAB9EA8D3}.Release|Any CPU.ActiveCfg = Release|Any CPU
		{23CE524A-850C-41D0-B76E-DD8EAB9EA8D3}.Release|Any CPU.Build.0 = Release|Any CPU
	EndGlobalSection
	GlobalSection(SolutionProperties) = preSolution
		HideSolutionNode = FALSE
	EndGlobalSection
	GlobalSection(ExtensibilityGlobals) = postSolution
		SolutionGuid = {EFCC8FCA-3161-448D-A73C-EFFA32279DC7}
	EndGlobalSection
EndGlobal
